
Microsoft Visual Studio Solution File, Format Version 12.00
# Visual Studio Version 17
VisualStudioVersion = 17.6.33829.357
MinimumVisualStudioVersion = 10.0.40219.1
Project("{FAE04EC0-301F-11D3-BF4B-00C04F79EFBC}") = "ProyectoIntegrador_CatalogoEstudiantes", "ProyectoIntegrador_CatalogoEstudiantes\ProyectoIntegrador_CatalogoEstudiantes.csproj", "{4D0AC785-6A4C-46F0-B727-5A8C35B9EBC7}"
EndProject
Global
	GlobalSection(SolutionConfigurationPlatforms) = preSolution
		Debug|Any CPU = Debug|Any CPU
		Release|Any CPU = Release|Any CPU
	EndGlobalSection
	GlobalSection(ProjectConfigurationPlatforms) = postSolution
		{4D0AC785-6A4C-46F0-B727-5A8C35B9EBC7}.Debug|Any CPU.ActiveCfg = Debug|Any CPU
		{4D0AC785-6A4C-46F0-B727-5A8C35B9EBC7}.Debug|Any CPU.Build.0 = Debug|Any CPU
		{4D0AC785-6A4C-46F0-B727-5A8C35B9EBC7}.Release|Any CPU.ActiveCfg = Release|Any CPU
		{4D0AC785-6A4C-46F0-B727-5A8C35B9EBC7}.Release|Any CPU.Build.0 = Release|Any CPU
	EndGlobalSection
	GlobalSection(SolutionProperties) = preSolution
		HideSolutionNode = FALSE
	EndGlobalSection
	GlobalSection(ExtensibilityGlobals) = postSolution
		SolutionGuid = {7D61CB53-77D8-4412-B787-CEB1F81F6CC5}
	EndGlobalSection
EndGlobal
